# This file is autogenerated, do not edit; changes may be undone by the next 'dep ensure'.


[[projects]]
  branch = "master"
  name = "github.com/bmizerany/pat"
  packages = ["."]
  revision = "6226ea591a40176dd3ff9cd8eff81ed6ca721a00"

[[projects]]
  branch = "master"
  name = "github.com/hashicorp/errwrap"
  packages = ["."]
  revision = "7554cd9344cec97297fa6649b055a8c98c2a1e55"

[[projects]]
  branch = "master"
  name = "github.com/hashicorp/go-multierror"
  packages = ["."]
  revision = "b7773ae218740a7be65057fc60b366a49b538a44"

[[projects]]
  name = "github.com/pkg/errors"
  packages = ["."]
  revision = "645ef00459ed84a119197bfb8d8205042c6df63d"
  version = "v0.8.0"

[[projects]]
  name = "github.com/rakyll/statik"
  packages = [
    ".",
    "fs"
  ]
  revision = "fd36b3595eb2ec8da4b8153b107f7ea08504899d"
  version = "v0.1.1"

[[projects]]
  branch = "master"
  name = "github.com/sigurn/crc8"
  packages = ["."]
  revision = "e55481d6f45c5a8f040343bace9013571dae103e"

[[projects]]
  branch = "master"
  name = "github.com/sigurn/utils"
  packages = ["."]
  revision = "f19e41f79f8f006116f682c1af454591bc278ad4"

[[projects]]
  name = "gobot.io/x/gobot"
  packages = [
    ".",
    "api",
    "api/robeaux",
    "drivers/gpio",
    "drivers/i2c",
    "drivers/spi",
    "platforms/raspi",
    "sysfs"
  ]
  revision = "b2ddfe7895c4e414cd4e6a6734b31b12ea68ed8e"
  version = "1.10.2"

[[projects]]
  branch = "master"
  name = "periph.io/x/periph"
  packages = [
    ".",
    "conn",
    "conn/gpio",
    "conn/gpio/gpioreg",
    "conn/i2c",
    "conn/i2c/i2creg",
    "conn/pin",
    "conn/spi",
    "conn/spi/spireg",
    "devices",
    "host/fs",
    "host/sysfs"
  ]
  revision = "87e4d431494a58797b70f93609ef1cc0b377c36d"

[solve-meta]
  analyzer-name = "dep"
  analyzer-version = 1
  inputs-digest = "854f82e4da9bf3797f4207d6efe9f87e3ec697f67f411aef4254648a99df91bd"
  solver-name = "gps-cdcl"
  solver-version = 1
